
Microsoft Visual Studio Solution File, Format Version 12.00
# Visual Studio Version 17
VisualStudioVersion = 17.0.31903.59
MinimumVisualStudioVersion = 10.0.40219.1
Project("{FAE04EC0-301F-11D3-BF4B-00C04F79EFBC}") = "UtmBuilder.Core", "UtmBuilder.Core\UtmBuilder.Core.csproj", "{BAE2B4CE-0F4F-4E51-988D-813EE9889B34}"
EndProject
Project("{FAE04EC0-301F-11D3-BF4B-00C04F79EFBC}") = "UtmBuilder.Core.Tests", "UtmBuilder.Core.Tests\UtmBuilder.Core.Tests.csproj", "{C4518E21-0AFD-446D-981D-8C24B46E2CD8}"
EndProject
Global
	GlobalSection(SolutionConfigurationPlatforms) = preSolution
		Debug|Any CPU = Debug|Any CPU
		Release|Any CPU = Release|Any CPU
	EndGlobalSection
	GlobalSection(SolutionProperties) = preSolution
		HideSolutionNode = FALSE
	EndGlobalSection
	GlobalSection(ProjectConfigurationPlatforms) = postSolution
		{BAE2B4CE-0F4F-4E51-988D-813EE9889B34}.Debug|Any CPU.ActiveCfg = Debug|Any CPU
		{BAE2B4CE-0F4F-4E51-988D-813EE9889B34}.Debug|Any CPU.Build.0 = Debug|Any CPU
		{BAE2B4CE-0F4F-4E51-988D-813EE9889B34}.Release|Any CPU.ActiveCfg = Release|Any CPU
		{BAE2B4CE-0F4F-4E51-988D-813EE9889B34}.Release|Any CPU.Build.0 = Release|Any CPU
		{C4518E21-0AFD-446D-981D-8C24B46E2CD8}.Debug|Any CPU.ActiveCfg = Debug|Any CPU
		{C4518E21-0AFD-446D-981D-8C24B46E2CD8}.Debug|Any CPU.Build.0 = Debug|Any CPU
		{C4518E21-0AFD-446D-981D-8C24B46E2CD8}.Release|Any CPU.ActiveCfg = Release|Any CPU
		{C4518E21-0AFD-446D-981D-8C24B46E2CD8}.Release|Any CPU.Build.0 = Release|Any CPU
	EndGlobalSection
EndGlobal
